
Microsoft Visual Studio Solution File, Format Version 12.00
# Visual Studio 2013
VisualStudioVersion = 12.0.30723.0
MinimumVisualStudioVersion = 10.0.40219.1
Project("{FAE04EC0-301F-11D3-BF4B-00C04F79EFBC}") = "UDP", "UDP\UDP.csproj", "{59EA5ECA-A6F7-4ECD-B0FD-3AA924152C30}"
EndProject
Project("{FAE04EC0-301F-11D3-BF4B-00C04F79EFBC}") = "HelloServer", "TestServer\HelloServer.csproj", "{7FA498D8-93F0-4C29-981E-5DF71DC47FCC}"
EndProject
Project("{FAE04EC0-301F-11D3-BF4B-00C04F79EFBC}") = "HelloClient", "TestClient\HelloClient.csproj", "{DC8A756D-530C-48AB-B3C3-21446F055646}"
EndProject
Project("{FAE04EC0-301F-11D3-BF4B-00C04F79EFBC}") = "Message", "Message\Message.csproj", "{0FFBE49A-FE8D-40C7-B497-131E33D1B348}"
EndProject
Project("{FAE04EC0-301F-11D3-BF4B-00C04F79EFBC}") = "User", "User\User.csproj", "{7ADF4778-5500-4A2C-9B4F-C3704B7A32B9}"
EndProject
Project("{FAE04EC0-301F-11D3-BF4B-00C04F79EFBC}") = "GUI_main", "GUI_main\GUI_main.csproj", "{F9166E6E-107B-46A6-A59F-E39645A35943}"
EndProject
Global
	GlobalSection(SolutionConfigurationPlatforms) = preSolution
		Debug|Any CPU = Debug|Any CPU
		Release|Any CPU = Release|Any CPU
	EndGlobalSection
	GlobalSection(ProjectConfigurationPlatforms) = postSolution
		{59EA5ECA-A6F7-4ECD-B0FD-3AA924152C30}.Debug|Any CPU.ActiveCfg = Debug|Any CPU
		{59EA5ECA-A6F7-4ECD-B0FD-3AA924152C30}.Debug|Any CPU.Build.0 = Debug|Any CPU
		{59EA5ECA-A6F7-4ECD-B0FD-3AA924152C30}.Release|Any CPU.ActiveCfg = Release|Any CPU
		{59EA5ECA-A6F7-4ECD-B0FD-3AA924152C30}.Release|Any CPU.Build.0 = Release|Any CPU
		{7FA498D8-93F0-4C29-981E-5DF71DC47FCC}.Debug|Any CPU.ActiveCfg = Debug|Any CPU
		{7FA498D8-93F0-4C29-981E-5DF71DC47FCC}.Debug|Any CPU.Build.0 = Debug|Any CPU
		{7FA498D8-93F0-4C29-981E-5DF71DC47FCC}.Release|Any CPU.ActiveCfg = Release|Any CPU
		{7FA498D8-93F0-4C29-981E-5DF71DC47FCC}.Release|Any CPU.Build.0 = Release|Any CPU
		{DC8A756D-530C-48AB-B3C3-21446F055646}.Debug|Any CPU.ActiveCfg = Debug|Any CPU
		{DC8A756D-530C-48AB-B3C3-21446F055646}.Debug|Any CPU.Build.0 = Debug|Any CPU
		{DC8A756D-530C-48AB-B3C3-21446F055646}.Release|Any CPU.ActiveCfg = Release|Any CPU
		{DC8A756D-530C-48AB-B3C3-21446F055646}.Release|Any CPU.Build.0 = Release|Any CPU
		{0FFBE49A-FE8D-40C7-B497-131E33D1B348}.Debug|Any CPU.ActiveCfg = Debug|Any CPU
		{0FFBE49A-FE8D-40C7-B497-131E33D1B348}.Debug|Any CPU.Build.0 = Debug|Any CPU
		{0FFBE49A-FE8D-40C7-B497-131E33D1B348}.Release|Any CPU.ActiveCfg = Release|Any CPU
		{0FFBE49A-FE8D-40C7-B497-131E33D1B348}.Release|Any CPU.Build.0 = Release|Any CPU
		{7ADF4778-5500-4A2C-9B4F-C3704B7A32B9}.Debug|Any CPU.ActiveCfg = Debug|Any CPU
		{7ADF4778-5500-4A2C-9B4F-C3704B7A32B9}.Debug|Any CPU.Build.0 = Debug|Any CPU
		{7ADF4778-5500-4A2C-9B4F-C3704B7A32B9}.Release|Any CPU.ActiveCfg = Release|Any CPU
		{7ADF4778-5500-4A2C-9B4F-C3704B7A32B9}.Release|Any CPU.Build.0 = Release|Any CPU
		{F9166E6E-107B-46A6-A59F-E39645A35943}.Debug|Any CPU.ActiveCfg = Debug|Any CPU
		{F9166E6E-107B-46A6-A59F-E39645A35943}.Debug|Any CPU.Build.0 = Debug|Any CPU
		{F9166E6E-107B-46A6-A59F-E39645A35943}.Release|Any CPU.ActiveCfg = Release|Any CPU
		{F9166E6E-107B-46A6-A59F-E39645A35943}.Release|Any CPU.Build.0 = Release|Any CPU
	EndGlobalSection
	GlobalSection(SolutionProperties) = preSolution
		HideSolutionNode = FALSE
	EndGlobalSection
EndGlobal
